{
  "name": "particlesdev",
  "version": "1.0.0",
  "lockfileVersion": 2,
  "requires": true,
  "packages": {
    "": {
      "name": "particlesdev",
      "version": "1.0.0",
      "license": "ISC",
      "dependencies": {
        "deflate-js": "^0.2.3"
      }
    },
    "node_modules/deflate-js": {
      "version": "0.2.3",
      "resolved": "https://registry.npmjs.org/deflate-js/-/deflate-js-0.2.3.tgz",
      "integrity": "sha1-+Fq7WOvFFRowYUdHPVfD5PfkQms=",
      "bin": {
        "deflate-js": "bin/deflate.js",
        "inflate-js": "bin/inflate.js"
      },
      "engines": {
        "node": ">= 0.4.0"
      }
    }
  },
  "dependencies": {
    "deflate-js": {
      "version": "0.2.3",
      "resolved": "https://registry.npmjs.org/deflate-js/-/deflate-js-0.2.3.tgz",
      "integrity": "sha1-+Fq7WOvFFRowYUdHPVfD5PfkQms="
    }
  }
}
